
Microsoft Visual Studio Solution File, Format Version 12.00
# Visual Studio Express 2013 for Windows Desktop
VisualStudioVersion = 12.0.21005.1
MinimumVisualStudioVersion = 10.0.40219.1
Project("{F184B08F-C81C-45F6-A57F-5ABD9991F28F}") = "ConexionTest", "ConexionTest\ConexionTest.vbproj", "{41FB515F-FC77-4DDD-9B19-B11978E0F850}"
EndProject
Project("{F184B08F-C81C-45F6-A57F-5ABD9991F28F}") = "ConexionForm", "ConexionForm\ConexionForm.vbproj", "{627C1ABF-9621-4849-AFCF-F2670D34A5EF}"
EndProject
Global
	GlobalSection(SolutionConfigurationPlatforms) = preSolution
		Debug|Any CPU = Debug|Any CPU
		Release|Any CPU = Release|Any CPU
	EndGlobalSection
	GlobalSection(ProjectConfigurationPlatforms) = postSolution
		{41FB515F-FC77-4DDD-9B19-B11978E0F850}.Debug|Any CPU.ActiveCfg = Debug|Any CPU
		{41FB515F-FC77-4DDD-9B19-B11978E0F850}.Debug|Any CPU.Build.0 = Debug|Any CPU
		{41FB515F-FC77-4DDD-9B19-B11978E0F850}.Release|Any CPU.ActiveCfg = Release|Any CPU
		{41FB515F-FC77-4DDD-9B19-B11978E0F850}.Release|Any CPU.Build.0 = Release|Any CPU
		{627C1ABF-9621-4849-AFCF-F2670D34A5EF}.Debug|Any CPU.ActiveCfg = Debug|Any CPU
		{627C1ABF-9621-4849-AFCF-F2670D34A5EF}.Debug|Any CPU.Build.0 = Debug|Any CPU
		{627C1ABF-9621-4849-AFCF-F2670D34A5EF}.Release|Any CPU.ActiveCfg = Release|Any CPU
		{627C1ABF-9621-4849-AFCF-F2670D34A5EF}.Release|Any CPU.Build.0 = Release|Any CPU
	EndGlobalSection
	GlobalSection(SolutionProperties) = preSolution
		HideSolutionNode = FALSE
	EndGlobalSection
EndGlobal
